
Microsoft Visual Studio Solution File, Format Version 12.00
# Visual Studio Version 17
VisualStudioVersion = 17.5.33424.131
MinimumVisualStudioVersion = 10.0.40219.1
Project("{FAE04EC0-301F-11D3-BF4B-00C04F79EFBC}") = "PokemonReviewApp", "PokemonReviewApp.csproj", "{8DDBB3C7-492C-4A41-A337-05DCA1F97E13}"
EndProject
Global
	GlobalSection(SolutionConfigurationPlatforms) = preSolution
		Debug|Any CPU = Debug|Any CPU
		Release|Any CPU = Release|Any CPU
	EndGlobalSection
	GlobalSection(ProjectConfigurationPlatforms) = postSolution
		{8DDBB3C7-492C-4A41-A337-05DCA1F97E13}.Debug|Any CPU.ActiveCfg = Debug|Any CPU
		{8DDBB3C7-492C-4A41-A337-05DCA1F97E13}.Debug|Any CPU.Build.0 = Debug|Any CPU
		{8DDBB3C7-492C-4A41-A337-05DCA1F97E13}.Release|Any CPU.ActiveCfg = Release|Any CPU
		{8DDBB3C7-492C-4A41-A337-05DCA1F97E13}.Release|Any CPU.Build.0 = Release|Any CPU
	EndGlobalSection
	GlobalSection(SolutionProperties) = preSolution
		HideSolutionNode = FALSE
	EndGlobalSection
	GlobalSection(ExtensibilityGlobals) = postSolution
		SolutionGuid = {DA9A22D0-2167-4890-A793-D5CAAB6D210A}
	EndGlobalSection
EndGlobal
